
Microsoft Visual Studio Solution File, Format Version 12.00
# Visual Studio Version 17
VisualStudioVersion = 17.9.34728.123
MinimumVisualStudioVersion = 10.0.40219.1
Project("{FAE04EC0-301F-11D3-BF4B-00C04F79EFBC}") = "AdformSquareAPI", "AdformSquareAPI.csproj", "{4C46850C-4EDE-4245-B12C-2B80A5D58425}"
EndProject
Project("{FAE04EC0-301F-11D3-BF4B-00C04F79EFBC}") = "AdformSquareAPITests", "..\AdformSquareAPITests\AdformSquareAPITests.csproj", "{A6A919B1-45BD-4298-BEF3-94F61FB7065E}"
EndProject
Global
	GlobalSection(SolutionConfigurationPlatforms) = preSolution
		Debug|Any CPU = Debug|Any CPU
		Release|Any CPU = Release|Any CPU
	EndGlobalSection
	GlobalSection(ProjectConfigurationPlatforms) = postSolution
		{4C46850C-4EDE-4245-B12C-2B80A5D58425}.Debug|Any CPU.ActiveCfg = Debug|Any CPU
		{4C46850C-4EDE-4245-B12C-2B80A5D58425}.Debug|Any CPU.Build.0 = Debug|Any CPU
		{4C46850C-4EDE-4245-B12C-2B80A5D58425}.Release|Any CPU.ActiveCfg = Release|Any CPU
		{4C46850C-4EDE-4245-B12C-2B80A5D58425}.Release|Any CPU.Build.0 = Release|Any CPU
		{A6A919B1-45BD-4298-BEF3-94F61FB7065E}.Debug|Any CPU.ActiveCfg = Debug|Any CPU
		{A6A919B1-45BD-4298-BEF3-94F61FB7065E}.Debug|Any CPU.Build.0 = Debug|Any CPU
		{A6A919B1-45BD-4298-BEF3-94F61FB7065E}.Release|Any CPU.ActiveCfg = Release|Any CPU
		{A6A919B1-45BD-4298-BEF3-94F61FB7065E}.Release|Any CPU.Build.0 = Release|Any CPU
	EndGlobalSection
	GlobalSection(SolutionProperties) = preSolution
		HideSolutionNode = FALSE
	EndGlobalSection
	GlobalSection(ExtensibilityGlobals) = postSolution
		SolutionGuid = {57294746-2709-4148-AAB6-380567CAAE58}
	EndGlobalSection
EndGlobal
